// !$*UTF8*$!
{
	archiveVersion = 1;
	classes = {
	};
	objectVersion = 56;
	objects = {

/* Begin PBXBuildFile section */
		AA52E9442A8BFBAC00B61D6A /* glowyApp.swift in Sources */ = {isa = PBXBuildFile; fileRef = AA52E9432A8BFBAC00B61D6A /* glowyApp.swift */; };
		AA52E9462A8BFBAC00B61D6A /* ContentView.swift in Sources */ = {isa = PBXBuildFile; fileRef = AA52E9452A8BFBAC00B61D6A /* ContentView.swift */; };
		AA52E9482A8BFBAE00B61D6A /* Assets.xcassets in Resources */ = {isa = PBXBuildFile; fileRef = AA52E9472A8BFBAE00B61D6A /* Assets.xcassets */; };
		AA52E94B2A8BFBAE00B61D6A /* Preview Assets.xcassets in Resources */ = {isa = PBXBuildFile; fileRef = AA52E94A2A8BFBAE00B61D6A /* Preview Assets.xcassets */; };
		AA52E9522A8D090600B61D6A /* SecondView.swift in Sources */ = {isa = PBXBuildFile; fileRef = AA52E9512A8D090600B61D6A /* SecondView.swift */; };
		AA52E9542A8D09EA00B61D6A /* ThridView.swift in Sources */ = {isa = PBXBuildFile; fileRef = AA52E9532A8D09EA00B61D6A /* ThridView.swift */; };
		AA52E9562A8D0B5D00B61D6A /* FourthView.swift in Sources */ = {isa = PBXBuildFile; fileRef = AA52E9552A8D0B5D00B61D6A /* FourthView.swift */; };
		AA52E9582A8D0C9300B61D6A /* FifthView.swift in Sources */ = {isa = PBXBuildFile; fileRef = AA52E9572A8D0C9300B61D6A /* FifthView.swift */; };
		AA52E95C2A8D193E00B61D6A /* Caprasimo-Regular.ttf in Resources */ = {isa = PBXBuildFile; fileRef = AA52E95B2A8D193E00B61D6A /* Caprasimo-Regular.ttf */; };
/* End PBXBuildFile section */

/* Begin PBXFileReference section */
		AA52E9402A8BFBAC00B61D6A /* glowy.app */ = {isa = PBXFileReference; explicitFileType = wrapper.application; includeInIndex = 0; path = glowy.app; sourceTree = BUILT_PRODUCTS_DIR; };
		AA52E9432A8BFBAC00B61D6A /* glowyApp.swift */ = {isa = PBXFileReference; lastKnownFileType = sourcecode.swift; path = glowyApp.swift; sourceTree = "<group>"; };
		AA52E9452A8BFBAC00B61D6A /* ContentView.swift */ = {isa = PBXFileReference; lastKnownFileType = sourcecode.swift; path = ContentView.swift; sourceTree = "<group>"; };
		AA52E9472A8BFBAE00B61D6A /* Assets.xcassets */ = {isa = PBXFileReference; lastKnownFileType = folder.assetcatalog; path = Assets.xcassets; sourceTree = "<group>"; };
		AA52E94A2A8BFBAE00B61D6A /* Preview Assets.xcassets */ = {isa = PBXFileReference; lastKnownFileType = folder.assetcatalog; path = "Preview Assets.xcassets"; sourceTree = "<group>"; };
		AA52E9512A8D090600B61D6A /* SecondView.swift */ = {isa = PBXFileReference; lastKnownFileType = sourcecode.swift; path = SecondView.swift; sourceTree = "<group>"; };
		AA52E9532A8D09EA00B61D6A /* ThridView.swift */ = {isa = PBXFileReference; lastKnownFileType = sourcecode.swift; path = ThridView.swift; sourceTree = "<group>"; };
		AA52E9552A8D0B5D00B61D6A /* FourthView.swift */ = {isa = PBXFileReference; lastKnownFileType = sourcecode.swift; path = FourthView.swift; sourceTree = "<group>"; };
		AA52E9572A8D0C9300B61D6A /* FifthView.swift */ = {isa = PBXFileReference; lastKnownFileType = sourcecode.swift; path = FifthView.swift; sourceTree = "<group>"; };
		AA52E95B2A8D193E00B61D6A /* Caprasimo-Regular.ttf */ = {isa = PBXFileReference; lastKnownFileType = file; name = "Caprasimo-Regular.ttf"; path = "../../../Downloads/Caprasimo/Caprasimo-Regular.ttf"; sourceTree = "<group>"; };
/* End PBXFileReference section */

/* Begin PBXFrameworksBuildPhase section */
		AA52E93D2A8BFBAC00B61D6A /* Frameworks */ = {
			isa = PBXFrameworksBuildPhase;
			buildActionMask = 2147483647;
			files = (
			);
			runOnlyForDeploymentPostprocessing = 0;
		};
/* End PBXFrameworksBuildPhase section */

/* Begin PBXGroup section */
		AA52E9372A8BFBAC00B61D6A = {
			isa = PBXGroup;
			children = (
				AA52E9422A8BFBAC00B61D6A /* glowy */,
				AA52E9412A8BFBAC00B61D6A /* Products */,
			);
			sourceTree = "<group>";
		};
		AA52E9412A8BFBAC00B61D6A /* Products */ = {
			isa = PBXGroup;
			children = (
				AA52E9402A8BFBAC00B61D6A /* glowy.app */,
			);
			name = Products;
			sourceTree = "<group>";
		};
		AA52E9422A8BFBAC00B61D6A /* glowy */ = {
			isa = PBXGroup;
			children = (
				AA52E9432A8BFBAC00B61D6A /* glowyApp.swift */,
				AA52E9452A8BFBAC00B61D6A /* ContentView.swift */,
				AA52E95B2A8D193E00B61D6A /* Caprasimo-Regular.ttf */,
				AA52E9512A8D090600B61D6A /* SecondView.swift */,
				AA52E9532A8D09EA00B61D6A /* ThridView.swift */,
				AA52E9552A8D0B5D00B61D6A /* FourthView.swift */,
				AA52E9572A8D0C9300B61D6A /* FifthView.swift */,
				AA52E9472A8BFBAE00B61D6A /* Assets.xcassets */,
				AA52E9492A8BFBAE00B61D6A /* Preview Content */,
			);
			path = glowy;
			sourceTree = "<group>";
		};
		AA52E9492A8BFBAE00B61D6A /* Preview Content */ = {
			isa = PBXGroup;
			children = (
				AA52E94A2A8BFBAE00B61D6A /* Preview Assets.xcassets */,
			);
			path = "Preview Content";
			sourceTree = "<group>";
		};
/* End PBXGroup section */

/* Begin PBXNativeTarget section */
		AA52E93F2A8BFBAC00B61D6A /* glowy */ = {
			isa = PBXNativeTarget;
			buildConfigurationList = AA52E94E2A8BFBAE00B61D6A /* Build configuration list for PBXNativeTarget "glowy" */;
			buildPhases = (
				AA52E93C2A8BFBAC00B61D6A /* Sources */,
				AA52E93D2A8BFBAC00B61D6A /* Frameworks */,
				AA52E93E2A8BFBAC00B61D6A /* Resources */,
			);
			buildRules = (
			);
			dependencies = (
			);
			name = glowy;
			productName = glowy;
			productReference = AA52E9402A8BFBAC00B61D6A /* glowy.app */;
			productType = "com.apple.product-type.application";
		};
/* End PBXNativeTarget section */

/* Begin PBXProject section */
		AA52E9382A8BFBAC00B61D6A /* Project object */ = {
			isa = PBXProject;
			attributes = {
				BuildIndependentTargetsInParallel = 1;
				LastSwiftUpdateCheck = 1430;
				LastUpgradeCheck = 1430;
				TargetAttributes = {
					AA52E93F2A8BFBAC00B61D6A = {
						CreatedOnToolsVersion = 14.3.1;
					};
				};
			};
			buildConfigurationList = AA52E93B2A8BFBAC00B61D6A /* Build configuration list for PBXProject "glowy" */;
			compatibilityVersion = "Xcode 14.0";
			developmentRegion = en;
			hasScannedForEncodings = 0;
			knownRegions = (
				en,
				Base,
			);
			mainGroup = AA52E9372A8BFBAC00B61D6A;
			productRefGroup = AA52E9412A8BFBAC00B61D6A /* Products */;
			projectDirPath = "";
			projectRoot = "";
			targets = (
				AA52E93F2A8BFBAC00B61D6A /* glowy */,
			);
		};
/* End PBXProject section */

/* Begin PBXResourcesBuildPhase section */
		AA52E93E2A8BFBAC00B61D6A /* Resources */ = {
			isa = PBXResourcesBuildPhase;
			buildActionMask = 2147483647;
			files = (
				AA52E94B2A8BFBAE00B61D6A /* Preview Assets.xcassets in Resources */,
				AA52E9482A8BFBAE00B61D6A /* Assets.xcassets in Resources */,
				AA52E95C2A8D193E00B61D6A /* Caprasimo-Regular.ttf in Resources */,
			);
			runOnlyForDeploymentPostprocessing = 0;
		};
/* End PBXResourcesBuildPhase section */

/* Begin PBXSourcesBuildPhase section */
		AA52E93C2A8BFBAC00B61D6A /* Sources */ = {
			isa = PBXSourcesBuildPhase;
			buildActionMask = 2147483647;
			files = (
				AA52E9542A8D09EA00B61D6A /* ThridView.swift in Sources */,
				AA52E9522A8D090600B61D6A /* SecondView.swift in Sources */,
				AA52E9462A8BFBAC00B61D6A /* ContentView.swift in Sources */,
				AA52E9442A8BFBAC00B61D6A /* glowyApp.swift in Sources */,
				AA52E9582A8D0C9300B61D6A /* FifthView.swift in Sources */,
				AA52E9562A8D0B5D00B61D6A /* FourthView.swift in Sources */,
			);
			runOnlyForDeploymentPostprocessing = 0;
		};
/* End PBXSourcesBuildPhase section */

/* Begin XCBuildConfiguration section */
		AA52E94C2A8BFBAE00B61D6A /* Debug */ = {
			isa = XCBuildConfiguration;
			buildSettings = {
				ALWAYS_SEARCH_USER_PATHS = NO;
				CLANG_ANALYZER_NONNULL = YES;
				CLANG_ANALYZER_NUMBER_OBJECT_CONVERSION = YES_AGGRESSIVE;
				CLANG_CXX_LANGUAGE_STANDARD = "gnu++20";
				CLANG_ENABLE_MODULES = YES;
				CLANG_ENABLE_OBJC_ARC = YES;
				CLANG_ENABLE_OBJC_WEAK = YES;
				CLANG_WARN_BLOCK_CAPTURE_AUTORELEASING = YES;
				CLANG_WARN_BOOL_CONVERSION = YES;
				CLANG_WARN_COMMA = YES;
				CLANG_WARN_CONSTANT_CONVERSION = YES;
				CLANG_WARN_DEPRECATED_OBJC_IMPLEMENTATIONS = YES;
				CLANG_WARN_DIRECT_OBJC_ISA_USAGE = YES_ERROR;
				CLANG_WARN_DOCUMENTATION_COMMENTS = YES;
				CLANG_WARN_EMPTY_BODY = YES;
				CLANG_WARN_ENUM_CONVERSION = YES;
				CLANG_WARN_INFINITE_RECURSION = YES;
				CLANG_WARN_INT_CONVERSION = YES;
				CLANG_WARN_NON_LITERAL_NULL_CONVERSION = YES;
				CLANG_WARN_OBJC_IMPLICIT_RETAIN_SELF = YES;
				CLANG_WARN_OBJC_LITERAL_CONVERSION = YES;
				CLANG_WARN_OBJC_ROOT_CLASS = YES_ERROR;
				CLANG_WARN_QUOTED_INCLUDE_IN_FRAMEWORK_HEADER = YES;
				CLANG_WARN_RANGE_LOOP_ANALYSIS = YES;
				CLANG_WARN_STRICT_PROTOTYPES = YES;
				CLANG_WARN_SUSPICIOUS_MOVE = YES;
				CLANG_WARN_UNGUARDED_AVAILABILITY = YES_AGGRESSIVE;
				CLANG_WARN_UNREACHABLE_CODE = YES;
				CLANG_WARN__DUPLICATE_METHOD_MATCH = YES;
				COPY_PHASE_STRIP = NO;
				DEBUG_INFORMATION_FORMAT = dwarf;
				ENABLE_STRICT_OBJC_MSGSEND = YES;
				ENABLE_TESTABILITY = YES;
				GCC_C_LANGUAGE_STANDARD = gnu11;
				GCC_DYNAMIC_NO_PIC = NO;
				GCC_NO_COMMON_BLOCKS = YES;
				GCC_OPTIMIZATION_LEVEL = 0;
				GCC_PREPROCESSOR_DEFINITIONS = (
					"DEBUG=1",
					"$(inherited)",
				);
				GCC_WARN_64_TO_32_BIT_CONVERSION = YES;
				GCC_WARN_ABOUT_RETURN_TYPE = YES_ERROR;
				GCC_WARN_UNDECLARED_SELECTOR = YES;
				GCC_WARN_UNINITIALIZED_AUTOS = YES_AGGRESSIVE;
				GCC_WARN_UNUSED_FUNCTION = YES;
				GCC_WARN_UNUSED_VARIABLE = YES;
				IPHONEOS_DEPLOYMENT_TARGET = 16.4;
				MTL_ENABLE_DEBUG_INFO = INCLUDE_SOURCE;
				MTL_FAST_MATH = YES;
				ONLY_ACTIVE_ARCH = YES;
				SDKROOT = iphoneos;
				SWIFT_ACTIVE_COMPILATION_CONDITIONS = DEBUG;
				SWIFT_OPTIMIZATION_LEVEL = "-Onone";
			};
			name = Debug;
		};
		AA52E94D2A8BFBAE00B61D6A /* Release */ = {
			isa = XCBuildConfiguration;
			buildSettings = {
				ALWAYS_SEARCH_USER_PATHS = NO;
				CLANG_ANALYZER_NONNULL = YES;
				CLANG_ANALYZER_NUMBER_OBJECT_CONVERSION = YES_AGGRESSIVE;
				CLANG_CXX_LANGUAGE_STANDARD = "gnu++20";
				CLANG_ENABLE_MODULES = YES;
				CLANG_ENABLE_OBJC_ARC = YES;
				CLANG_ENABLE_OBJC_WEAK = YES;
				CLANG_WARN_BLOCK_CAPTURE_AUTORELEASING = YES;
				CLANG_WARN_BOOL_CONVERSION = YES;
				CLANG_WARN_COMMA = YES;
				CLANG_WARN_CONSTANT_CONVERSION = YES;
				CLANG_WARN_DEPRECATED_OBJC_IMPLEMENTATIONS = YES;
				CLANG_WARN_DIRECT_OBJC_ISA_USAGE = YES_ERROR;
				CLANG_WARN_DOCUMENTATION_COMMENTS = YES;
				CLANG_WARN_EMPTY_BODY = YES;
				CLANG_WARN_ENUM_CONVERSION = YES;
				CLANG_WARN_INFINITE_RECURSION = YES;
				CLANG_WARN_INT_CONVERSION = YES;
				CLANG_WARN_NON_LITERAL_NULL_CONVERSION = YES;
				CLANG_WARN_OBJC_IMPLICIT_RETAIN_SELF = YES;
				CLANG_WARN_OBJC_LITERAL_CONVERSION = YES;
				CLANG_WARN_OBJC_ROOT_CLASS = YES_ERROR;
				CLANG_WARN_QUOTED_INCLUDE_IN_FRAMEWORK_HEADER = YES;
				CLANG_WARN_RANGE_LOOP_ANALYSIS = YES;
				CLANG_WARN_STRICT_PROTOTYPES = YES;
				CLANG_WARN_SUSPICIOUS_MOVE = YES;
				CLANG_WARN_UNGUARDED_AVAILABILITY = YES_AGGRESSIVE;
				CLANG_WARN_UNREACHABLE_CODE = YES;
				CLANG_WARN__DUPLICATE_METHOD_MATCH = YES;
				COPY_PHASE_STRIP = NO;
				DEBUG_INFORMATION_FORMAT = "dwarf-with-dsym";
				ENABLE_NS_ASSERTIONS = NO;
				ENABLE_STRICT_OBJC_MSGSEND = YES;
				GCC_C_LANGUAGE_STANDARD = gnu11;
				GCC_NO_COMMON_BLOCKS = YES;
				GCC_WARN_64_TO_32_BIT_CONVERSION = YES;
				GCC_WARN_ABOUT_RETURN_TYPE = YES_ERROR;
				GCC_WARN_UNDECLARED_SELECTOR = YES;
				GCC_WARN_UNINITIALIZED_AUTOS = YES_AGGRESSIVE;
				GCC_WARN_UNUSED_FUNCTION = YES;
				GCC_WARN_UNUSED_VARIABLE = YES;
				IPHONEOS_DEPLOYMENT_TARGET = 16.4;
				MTL_ENABLE_DEBUG_INFO = NO;
				MTL_FAST_MATH = YES;
				SDKROOT = iphoneos;
				SWIFT_COMPILATION_MODE = wholemodule;
				SWIFT_OPTIMIZATION_LEVEL = "-O";
				VALIDATE_PRODUCT = YES;
			};
			name = Release;
		};
		AA52E94F2A8BFBAE00B61D6A /* Debug */ = {
			isa = XCBuildConfiguration;
			buildSettings = {
				ASSETCATALOG_COMPILER_APPICON_NAME = AppIcon;
				ASSETCATALOG_COMPILER_GLOBAL_ACCENT_COLOR_NAME = AccentColor;
				CODE_SIGN_STYLE = Automatic;
				CURRENT_PROJECT_VERSION = 1;
				DEVELOPMENT_ASSET_PATHS = "\"glowy/Preview Content\"";
				ENABLE_PREVIEWS = YES;
				GENERATE_INFOPLIST_FILE = YES;
				INFOPLIST_KEY_UIApplicationSceneManifest_Generation = YES;
				INFOPLIST_KEY_UIApplicationSupportsIndirectInputEvents = YES;
				INFOPLIST_KEY_UILaunchScreen_Generation = YES;
				INFOPLIST_KEY_UISupportedInterfaceOrientations_iPad = "UIInterfaceOrientationPortrait UIInterfaceOrientationPortraitUpsideDown UIInterfaceOrientationLandscapeLeft UIInterfaceOrientationLandscapeRight";
				INFOPLIST_KEY_UISupportedInterfaceOrientations_iPhone = "UIInterfaceOrientationPortrait UIInterfaceOrientationLandscapeLeft UIInterfaceOrientationLandscapeRight";
				LD_RUNPATH_SEARCH_PATHS = (
					"$(inherited)",
					"@executable_path/Frameworks",
				);
				MARKETING_VERSION = 1.0;
				PRODUCT_BUNDLE_IDENTIFIER = kwk.glowy;
				PRODUCT_NAME = "$(TARGET_NAME)";
				SWIFT_EMIT_LOC_STRINGS = YES;
				SWIFT_VERSION = 5.0;
				TARGETED_DEVICE_FAMILY = "1,2";
			};
			name = Debug;
		};
		AA52E9502A8BFBAE00B61D6A /* Release */ = {
			isa = XCBuildConfiguration;
			buildSettings = {
				ASSETCATALOG_COMPILER_APPICON_NAME = AppIcon;
				ASSETCATALOG_COMPILER_GLOBAL_ACCENT_COLOR_NAME = AccentColor;
				CODE_SIGN_STYLE = Automatic;
				CURRENT_PROJECT_VERSION = 1;
				DEVELOPMENT_ASSET_PATHS = "\"glowy/Preview Content\"";
				ENABLE_PREVIEWS = YES;
				GENERATE_INFOPLIST_FILE = YES;
				INFOPLIST_KEY_UIApplicationSceneManifest_Generation = YES;
				INFOPLIST_KEY_UIApplicationSupportsIndirectInputEvents = YES;
				INFOPLIST_KEY_UILaunchScreen_Generation = YES;
				INFOPLIST_KEY_UISupportedInterfaceOrientations_iPad = "UIInterfaceOrientationPortrait UIInterfaceOrientationPortraitUpsideDown UIInterfaceOrientationLandscapeLeft UIInterfaceOrientationLandscapeRight";
				INFOPLIST_KEY_UISupportedInterfaceOrientations_iPhone = "UIInterfaceOrientationPortrait UIInterfaceOrientationLandscapeLeft UIInterfaceOrientationLandscapeRight";
				LD_RUNPATH_SEARCH_PATHS = (
					"$(inherited)",
					"@executable_path/Frameworks",
				);
				MARKETING_VERSION = 1.0;
				PRODUCT_BUNDLE_IDENTIFIER = kwk.glowy;
				PRODUCT_NAME = "$(TARGET_NAME)";
				SWIFT_EMIT_LOC_STRINGS = YES;
				SWIFT_VERSION = 5.0;
				TARGETED_DEVICE_FAMILY = "1,2";
			};
			name = Release;
		};
/* End XCBuildConfiguration section */

/* Begin XCConfigurationList section */
		AA52E93B2A8BFBAC00B61D6A /* Build configuration list for PBXProject "glowy" */ = {
			isa = XCConfigurationList;
			buildConfigurations = (
				AA52E94C2A8BFBAE00B61D6A /* Debug */,
				AA52E94D2A8BFBAE00B61D6A /* Release */,
			);
			defaultConfigurationIsVisible = 0;
			defaultConfigurationName = Release;
		};
		AA52E94E2A8BFBAE00B61D6A /* Build configuration list for PBXNativeTarget "glowy" */ = {
			isa = XCConfigurationList;
			buildConfigurations = (
				AA52E94F2A8BFBAE00B61D6A /* Debug */,
				AA52E9502A8BFBAE00B61D6A /* Release */,
			);
			defaultConfigurationIsVisible = 0;
			defaultConfigurationName = Release;
		};
/* End XCConfigurationList section */
	};
	rootObject = AA52E9382A8BFBAC00B61D6A /* Project object */;
}
